
Microsoft Visual Studio Solution File, Format Version 12.00
# Visual Studio 15
VisualStudioVersion = 15.0.27703.2018
MinimumVisualStudioVersion = 10.0.40219.1
Project("{FAE04EC0-301F-11D3-BF4B-00C04F79EFBC}") = "RestWithAspNETUdemy", "RestWithAspNETUdemy\RestWithAspNETUdemy.csproj", "{8FCB1404-D92D-4998-942C-C23836E7360E}"
EndProject
Global
	GlobalSection(SolutionConfigurationPlatforms) = preSolution
		Debug|Any CPU = Debug|Any CPU
		Release|Any CPU = Release|Any CPU
	EndGlobalSection
	GlobalSection(ProjectConfigurationPlatforms) = postSolution
		{8FCB1404-D92D-4998-942C-C23836E7360E}.Debug|Any CPU.ActiveCfg = Debug|Any CPU
		{8FCB1404-D92D-4998-942C-C23836E7360E}.Debug|Any CPU.Build.0 = Debug|Any CPU
		{8FCB1404-D92D-4998-942C-C23836E7360E}.Release|Any CPU.ActiveCfg = Release|Any CPU
		{8FCB1404-D92D-4998-942C-C23836E7360E}.Release|Any CPU.Build.0 = Release|Any CPU
	EndGlobalSection
	GlobalSection(SolutionProperties) = preSolution
		HideSolutionNode = FALSE
	EndGlobalSection
	GlobalSection(ExtensibilityGlobals) = postSolution
		SolutionGuid = {A5D1084B-20A5-4F8A-9597-C3BA3756A4AB}
	EndGlobalSection
EndGlobal
